
Microsoft Visual Studio Solution File, Format Version 12.00
# Visual Studio Version 16
VisualStudioVersion = 16.0.30711.63
MinimumVisualStudioVersion = 10.0.40219.1
Project("{FAE04EC0-301F-11D3-BF4B-00C04F79EFBC}") = "MewPewServerNew", "MewPewServerNew.csproj", "{B3F521C8-A303-4F5E-92FC-8166DCD773AF}"
EndProject
Global
	GlobalSection(SolutionConfigurationPlatforms) = preSolution
		Debug|Any CPU = Debug|Any CPU
		Release|Any CPU = Release|Any CPU
	EndGlobalSection
	GlobalSection(ProjectConfigurationPlatforms) = postSolution
		{B3F521C8-A303-4F5E-92FC-8166DCD773AF}.Debug|Any CPU.ActiveCfg = Debug|Any CPU
		{B3F521C8-A303-4F5E-92FC-8166DCD773AF}.Debug|Any CPU.Build.0 = Debug|Any CPU
		{B3F521C8-A303-4F5E-92FC-8166DCD773AF}.Release|Any CPU.ActiveCfg = Release|Any CPU
		{B3F521C8-A303-4F5E-92FC-8166DCD773AF}.Release|Any CPU.Build.0 = Release|Any CPU
	EndGlobalSection
	GlobalSection(SolutionProperties) = preSolution
		HideSolutionNode = FALSE
	EndGlobalSection
	GlobalSection(ExtensibilityGlobals) = postSolution
		SolutionGuid = {EEDC7B59-1F17-4D07-B192-ECC50ECC0098}
	EndGlobalSection
EndGlobal
